
Microsoft Visual Studio Solution File, Format Version 11.00
# Visual Studio 2010
Project("{FAE04EC0-301F-11D3-BF4B-00C04F79EFBC}") = "Zenject", "Zenject.csproj", "{b35301c0-20e4-92e5-677d-b7a84a4eb788}"
EndProject
Project("{FAE04EC0-301F-11D3-BF4B-00C04F79EFBC}") = "ProtoYeet.Core", "ProtoYeet.Core.csproj", "{eb3f26e3-35db-485a-3c18-40806c4e1ec7}"
EndProject
Project("{FAE04EC0-301F-11D3-BF4B-00C04F79EFBC}") = "Menu", "Menu.csproj", "{1c71c6fe-7415-e600-708a-b72053d4005e}"
EndProject
Project("{FAE04EC0-301F-11D3-BF4B-00C04F79EFBC}") = "ProtoYeet.Ui", "ProtoYeet.Ui.csproj", "{91eb2991-f6ee-9af3-2ce2-c257b5d43772}"
EndProject
Project("{FAE04EC0-301F-11D3-BF4B-00C04F79EFBC}") = "ProtoYeetEditor", "ProtoYeetEditor.csproj", "{63fa0fc0-58c7-d8b1-9210-1733bcce0c6d}"
EndProject
Project("{FAE04EC0-301F-11D3-BF4B-00C04F79EFBC}") = "ProtoYeet.IO", "ProtoYeet.IO.csproj", "{9acd4705-aa6c-682d-9a78-093fd7ff5e51}"
EndProject
Project("{FAE04EC0-301F-11D3-BF4B-00C04F79EFBC}") = "Game", "Game.csproj", "{4275358e-4296-ee2b-a5a9-b1d11e3bc575}"
EndProject
Project("{FAE04EC0-301F-11D3-BF4B-00C04F79EFBC}") = "ProtoYeet.Abstracts", "ProtoYeet.Abstracts.csproj", "{7985fa49-4748-1451-449b-706fd9e27dc8}"
EndProject
Project("{FAE04EC0-301F-11D3-BF4B-00C04F79EFBC}") = "Loading", "Loading.csproj", "{87764fe8-2089-4746-bcda-b0e7d97a4e7c}"
EndProject
Project("{FAE04EC0-301F-11D3-BF4B-00C04F79EFBC}") = "Zenject-Editor", "Zenject-Editor.csproj", "{4d409d0d-ef90-6926-0cfc-4b8df9e927a2}"
EndProject
Project("{FAE04EC0-301F-11D3-BF4B-00C04F79EFBC}") = "Assembly-CSharp", "Assembly-CSharp.csproj", "{d26df58d-0388-241d-5739-abb53f11b700}"
EndProject
Project("{FAE04EC0-301F-11D3-BF4B-00C04F79EFBC}") = "Assembly-CSharp-firstpass", "Assembly-CSharp-firstpass.csproj", "{7342458b-7ec7-1401-2787-7b38a981db96}"
EndProject
Project("{FAE04EC0-301F-11D3-BF4B-00C04F79EFBC}") = "ProtoYeet", "ProtoYeet.csproj", "{5acdd0dd-835a-24e6-1cd3-990b203e8fe7}"
EndProject
Global
	GlobalSection(SolutionConfigurationPlatforms) = preSolution
		Debug|Any CPU = Debug|Any CPU
	EndGlobalSection
	GlobalSection(ProjectConfigurationPlatforms) = postSolution
		{b35301c0-20e4-92e5-677d-b7a84a4eb788}.Debug|Any CPU.ActiveCfg = Debug|Any CPU
		{b35301c0-20e4-92e5-677d-b7a84a4eb788}.Debug|Any CPU.Build.0 = Debug|Any CPU
		{eb3f26e3-35db-485a-3c18-40806c4e1ec7}.Debug|Any CPU.ActiveCfg = Debug|Any CPU
		{eb3f26e3-35db-485a-3c18-40806c4e1ec7}.Debug|Any CPU.Build.0 = Debug|Any CPU
		{1c71c6fe-7415-e600-708a-b72053d4005e}.Debug|Any CPU.ActiveCfg = Debug|Any CPU
		{1c71c6fe-7415-e600-708a-b72053d4005e}.Debug|Any CPU.Build.0 = Debug|Any CPU
		{91eb2991-f6ee-9af3-2ce2-c257b5d43772}.Debug|Any CPU.ActiveCfg = Debug|Any CPU
		{91eb2991-f6ee-9af3-2ce2-c257b5d43772}.Debug|Any CPU.Build.0 = Debug|Any CPU
		{63fa0fc0-58c7-d8b1-9210-1733bcce0c6d}.Debug|Any CPU.ActiveCfg = Debug|Any CPU
		{63fa0fc0-58c7-d8b1-9210-1733bcce0c6d}.Debug|Any CPU.Build.0 = Debug|Any CPU
		{9acd4705-aa6c-682d-9a78-093fd7ff5e51}.Debug|Any CPU.ActiveCfg = Debug|Any CPU
		{9acd4705-aa6c-682d-9a78-093fd7ff5e51}.Debug|Any CPU.Build.0 = Debug|Any CPU
		{4275358e-4296-ee2b-a5a9-b1d11e3bc575}.Debug|Any CPU.ActiveCfg = Debug|Any CPU
		{4275358e-4296-ee2b-a5a9-b1d11e3bc575}.Debug|Any CPU.Build.0 = Debug|Any CPU
		{7985fa49-4748-1451-449b-706fd9e27dc8}.Debug|Any CPU.ActiveCfg = Debug|Any CPU
		{7985fa49-4748-1451-449b-706fd9e27dc8}.Debug|Any CPU.Build.0 = Debug|Any CPU
		{87764fe8-2089-4746-bcda-b0e7d97a4e7c}.Debug|Any CPU.ActiveCfg = Debug|Any CPU
		{87764fe8-2089-4746-bcda-b0e7d97a4e7c}.Debug|Any CPU.Build.0 = Debug|Any CPU
		{4d409d0d-ef90-6926-0cfc-4b8df9e927a2}.Debug|Any CPU.ActiveCfg = Debug|Any CPU
		{4d409d0d-ef90-6926-0cfc-4b8df9e927a2}.Debug|Any CPU.Build.0 = Debug|Any CPU
		{d26df58d-0388-241d-5739-abb53f11b700}.Debug|Any CPU.ActiveCfg = Debug|Any CPU
		{d26df58d-0388-241d-5739-abb53f11b700}.Debug|Any CPU.Build.0 = Debug|Any CPU
		{7342458b-7ec7-1401-2787-7b38a981db96}.Debug|Any CPU.ActiveCfg = Debug|Any CPU
		{7342458b-7ec7-1401-2787-7b38a981db96}.Debug|Any CPU.Build.0 = Debug|Any CPU
		{5acdd0dd-835a-24e6-1cd3-990b203e8fe7}.Debug|Any CPU.ActiveCfg = Debug|Any CPU
		{5acdd0dd-835a-24e6-1cd3-990b203e8fe7}.Debug|Any CPU.Build.0 = Debug|Any CPU
	EndGlobalSection
	GlobalSection(SolutionProperties) = preSolution
		HideSolutionNode = FALSE
	EndGlobalSection
EndGlobal
